<?xml version="1.0" encoding="UTF-8" standalone="yes" ?>
<CodeBlocks_project_file>
	<FileVersion major="1" minor="6" />
	<Project>
		<Option title="Caravana_Del_Desierto" />
		<Option pch_mode="2" />
		<Option compiler="gcc" />
		<Build>
			<Target title="Debug">
				<Option output="bin/Debug/Caravana_Del_Desierto" prefix_auto="1" extension_auto="1" />
				<Option object_output="obj/Debug/" />
				<Option type="1" />
				<Option compiler="gcc" />
				<Compiler>
					<Add option="-g" />
				</Compiler>
			</Target>
			<Target title="Release">
				<Option output="bin/Release/Caravana_Del_Desierto" prefix_auto="1" extension_auto="1" />
				<Option object_output="obj/Release/" />
				<Option type="1" />
				<Option compiler="gcc" />
				<Compiler>
					<Add option="-O2" />
				</Compiler>
				<Linker>
					<Add option="-s" />
				</Linker>
			</Target>
		</Build>
		<Compiler>
			<Add option="-Wall" />
		</Compiler>
		<Unit filename="headers/Indice.h" />
		<Unit filename="headers/ListaDoEnCi.h" />
		<Unit filename="headers/arbol.h" />
		<Unit filename="headers/archivos.h" />
		<Unit filename="headers/bandidos.h" />
		<Unit filename="headers/cola.h" />
		<Unit filename="headers/interfaz.h" />
		<Unit filename="headers/juego.h" />
		<Unit filename="headers/jugador.h" />
		<Unit filename="headers/ranking.h" />
		<Unit filename="headers/utiles.h" />
		<Unit filename="macros/macros.h" />
		<Unit filename="main.c">
			<Option compilerVar="CC" />
		</Unit>
		<Unit filename="sources/Indice.c">
			<Option compilerVar="CC" />
		</Unit>
		<Unit filename="sources/ListaDoEnCi.c">
			<Option compilerVar="CC" />
		</Unit>
		<Unit filename="sources/arbol.c">
			<Option compilerVar="CC" />
		</Unit>
		<Unit filename="sources/archivos.c">
			<Option compilerVar="CC" />
		</Unit>
		<Unit filename="sources/bandidos.c">
			<Option compilerVar="CC" />
		</Unit>
		<Unit filename="sources/cola.c">
			<Option compilerVar="CC" />
		</Unit>
		<Unit filename="sources/interfaz.c">
			<Option compilerVar="CC" />
		</Unit>
		<Unit filename="sources/juego.c">
			<Option compilerVar="CC" />
		</Unit>
		<Unit filename="sources/jugador.c">
			<Option compilerVar="CC" />
		</Unit>
		<Unit filename="sources/ranking.c">
			<Option compilerVar="CC" />
		</Unit>
		<Unit filename="sources/utiles.c">
			<Option compilerVar="CC" />
		</Unit>
		<Unit filename="tests/sources/test_jugadores.c">
			<Option compilerVar="CC" />
		</Unit>
		<Unit filename="tests/tests.c">
			<Option compilerVar="CC" />
		</Unit>
		<Unit filename="tests/tests.h" />
		<Extensions />
	</Project>
</CodeBlocks_project_file>
