<?xml version="1.0" encoding="UTF-8" standalone="yes" ?>
<CodeBlocks_project_file>
	<FileVersion major="1" minor="6" />
	<Project>
		<Option title="Caravana_Del_Desierto" />
		<Option pch_mode="2" />
		<Option compiler="gcc" />
		<Build>
			<Target title="Debug">
				<Option output="bin/Debug/Caravana_Del_Desierto" prefix_auto="1" extension_auto="1" />
				<Option object_output="obj/Debug/" />
				<Option type="1" />
				<Option compiler="gcc" />
				<Compiler>
					<Add option="-g" />
				</Compiler>
			</Target>
			<Target title="Release">
				<Option output="bin/Release/Caravana_Del_Desierto" prefix_auto="1" extension_auto="1" />
				<Option object_output="obj/Release/" />
				<Option type="1" />
				<Option compiler="gcc" />
				<Compiler>
					<Add option="-O2" />
				</Compiler>
				<Linker>
					<Add option="-s" />
				</Linker>
			</Target>
		</Build>
		<Compiler>
			<Add option="-Wall" />
		</Compiler>
		<Unit filename="headers/cola/ColaDinamica.h" />
		<Unit filename="headers/dado/dado.h" />
		<Unit filename="headers/jugador/jugador.h" />
		<Unit filename="headers/listaCDE/listaCDE.h" />
		<Unit filename="headers/tablero/tablero.h" />
		<Unit filename="main.c">
			<Option compilerVar="CC" />
		</Unit>
		<Unit filename="sources/cola/ColaDinamica.c">
			<Option compilerVar="CC" />
		</Unit>
		<Unit filename="sources/dado/dado.c">
			<Option compilerVar="CC" />
		</Unit>
		<Unit filename="sources/jugador/jugador.c">
			<Option compilerVar="CC" />
		</Unit>
		<Unit filename="sources/listaCDE/listaCDE.c">
			<Option compilerVar="CC" />
		</Unit>
		<Unit filename="sources/tablero/tablero.c">
			<Option compilerVar="CC" />
		</Unit>
		<Extensions />
	</Project>
</CodeBlocks_project_file>
